
Microsoft Visual Studio Solution File, Format Version 12.00
# Visual Studio Version 17
VisualStudioVersion = 17.11.35219.272
MinimumVisualStudioVersion = 10.0.40219.1
Project("{FAE04EC0-301F-11D3-BF4B-00C04F79EFBC}") = "FormWork", "FormWork\FormWork.csproj", "{EE010868-DE62-4ADE-B79B-B5F1C1922BEB}"
EndProject
Global
	GlobalSection(SolutionConfigurationPlatforms) = preSolution
		Debug|Any CPU = Debug|Any CPU
		Release|Any CPU = Release|Any CPU
	EndGlobalSection
	GlobalSection(ProjectConfigurationPlatforms) = postSolution
		{EE010868-DE62-4ADE-B79B-B5F1C1922BEB}.Debug|Any CPU.ActiveCfg = Debug|Any CPU
		{EE010868-DE62-4ADE-B79B-B5F1C1922BEB}.Debug|Any CPU.Build.0 = Debug|Any CPU
		{EE010868-DE62-4ADE-B79B-B5F1C1922BEB}.Release|Any CPU.ActiveCfg = Release|Any CPU
		{EE010868-DE62-4ADE-B79B-B5F1C1922BEB}.Release|Any CPU.Build.0 = Release|Any CPU
	EndGlobalSection
	GlobalSection(SolutionProperties) = preSolution
		HideSolutionNode = FALSE
	EndGlobalSection
	GlobalSection(ExtensibilityGlobals) = postSolution
		SolutionGuid = {F1E7059E-EFEC-449C-AAE9-96E9EA01B014}
	EndGlobalSection
EndGlobal
